{
  "requires": true,
  "lockfileVersion": 1,
  "dependencies": {
    "mobx": {
      "version": "5.15.4",
      "resolved": "https://registry.npmjs.org/mobx/-/mobx-5.15.4.tgz",
      "integrity": "sha512-xRFJxSU2Im3nrGCdjSuOTFmxVDGeqOHL+TyADCGbT0k4HHqGmx5u2yaHNryvoORpI4DfbzjJ5jPmuv+d7sioFw=="
    },
    "mobx-devtools-mst": {
      "version": "0.9.22",
      "resolved": "https://registry.npmjs.org/mobx-devtools-mst/-/mobx-devtools-mst-0.9.22.tgz",
      "integrity": "sha512-Yi0zoZjy/HcpIYQSttJfzjP8sWvSDxwtemGB99wSvKCSITvWk0CRCeT149Ynhud6sJ9XUgZMdsSAd/kIuZ8vOQ=="
    }
  }
}
